
Microsoft Visual Studio Solution File, Format Version 12.00
Project("{FAE04EC0-301F-11D3-BF4B-00C04F79EFBC}") = "ApiJwt", "ApiJwt\ApiJwt.csproj", "{5E2C8FF2-13D6-4E05-8253-299265D7C86E}"
EndProject
Global
	GlobalSection(SolutionConfigurationPlatforms) = preSolution
		Debug|Any CPU = Debug|Any CPU
		Release|Any CPU = Release|Any CPU
	EndGlobalSection
	GlobalSection(ProjectConfigurationPlatforms) = postSolution
		{5E2C8FF2-13D6-4E05-8253-299265D7C86E}.Debug|Any CPU.ActiveCfg = Debug|Any CPU
		{5E2C8FF2-13D6-4E05-8253-299265D7C86E}.Debug|Any CPU.Build.0 = Debug|Any CPU
		{5E2C8FF2-13D6-4E05-8253-299265D7C86E}.Release|Any CPU.ActiveCfg = Release|Any CPU
		{5E2C8FF2-13D6-4E05-8253-299265D7C86E}.Release|Any CPU.Build.0 = Release|Any CPU
	EndGlobalSection
EndGlobal
